
Microsoft Visual Studio Solution File, Format Version 12.00
# Visual Studio Version 17
VisualStudioVersion = 17.7.34031.279
MinimumVisualStudioVersion = 10.0.40219.1
Project("{FAE04EC0-301F-11D3-BF4B-00C04F79EFBC}") = "PRG-4", "PRG-4\PRG-4.csproj", "{20AC6E6A-227D-479D-94BF-0C2A7388F021}"
EndProject
Global
	GlobalSection(SolutionConfigurationPlatforms) = preSolution
		Debug|Any CPU = Debug|Any CPU
		Release|Any CPU = Release|Any CPU
	EndGlobalSection
	GlobalSection(ProjectConfigurationPlatforms) = postSolution
		{20AC6E6A-227D-479D-94BF-0C2A7388F021}.Debug|Any CPU.ActiveCfg = Debug|Any CPU
		{20AC6E6A-227D-479D-94BF-0C2A7388F021}.Debug|Any CPU.Build.0 = Debug|Any CPU
		{20AC6E6A-227D-479D-94BF-0C2A7388F021}.Release|Any CPU.ActiveCfg = Release|Any CPU
		{20AC6E6A-227D-479D-94BF-0C2A7388F021}.Release|Any CPU.Build.0 = Release|Any CPU
	EndGlobalSection
	GlobalSection(SolutionProperties) = preSolution
		HideSolutionNode = FALSE
	EndGlobalSection
	GlobalSection(ExtensibilityGlobals) = postSolution
		SolutionGuid = {C4C84C98-3D55-441B-BED8-E3C4050FF38D}
	EndGlobalSection
EndGlobal
